
Microsoft Visual Studio Solution File, Format Version 12.00
# Visual Studio Version 17
VisualStudioVersion = 17.0.31606.5
MinimumVisualStudioVersion = 10.0.40219.1
Project("{9A19103F-16F7-4668-BE54-9A1E7A4F7556}") = "justr.snapcast-api", "justr.snapcast-api\justr.snapcast-api.csproj", "{54F3DA16-F5EA-461E-8E2F-6E25E26A5636}"
EndProject
Project("{FAE04EC0-301F-11D3-BF4B-00C04F79EFBC}") = "justr.snapcast-api.example", "justr.snapcast-api.example\justr.snapcast-api.example.csproj", "{928CBDCF-8E75-4C5E-8B6F-21A8A25BF702}"
EndProject
Global
	GlobalSection(SolutionConfigurationPlatforms) = preSolution
		Debug|Any CPU = Debug|Any CPU
		Release|Any CPU = Release|Any CPU
	EndGlobalSection
	GlobalSection(ProjectConfigurationPlatforms) = postSolution
		{54F3DA16-F5EA-461E-8E2F-6E25E26A5636}.Debug|Any CPU.ActiveCfg = Debug|Any CPU
		{54F3DA16-F5EA-461E-8E2F-6E25E26A5636}.Debug|Any CPU.Build.0 = Debug|Any CPU
		{54F3DA16-F5EA-461E-8E2F-6E25E26A5636}.Release|Any CPU.ActiveCfg = Release|Any CPU
		{54F3DA16-F5EA-461E-8E2F-6E25E26A5636}.Release|Any CPU.Build.0 = Release|Any CPU
		{928CBDCF-8E75-4C5E-8B6F-21A8A25BF702}.Debug|Any CPU.ActiveCfg = Debug|Any CPU
		{928CBDCF-8E75-4C5E-8B6F-21A8A25BF702}.Debug|Any CPU.Build.0 = Debug|Any CPU
		{928CBDCF-8E75-4C5E-8B6F-21A8A25BF702}.Release|Any CPU.ActiveCfg = Release|Any CPU
		{928CBDCF-8E75-4C5E-8B6F-21A8A25BF702}.Release|Any CPU.Build.0 = Release|Any CPU
	EndGlobalSection
	GlobalSection(SolutionProperties) = preSolution
		HideSolutionNode = FALSE
	EndGlobalSection
	GlobalSection(ExtensibilityGlobals) = postSolution
		SolutionGuid = {CCD77DFA-0215-4955-A35C-1C0C4C9FD91A}
	EndGlobalSection
EndGlobal
